
Microsoft Visual Studio Solution File, Format Version 12.00
# Visual Studio 15
VisualStudioVersion = 15.0.27130.2027
MinimumVisualStudioVersion = 10.0.40219.1
Project("{FAE04EC0-301F-11D3-BF4B-00C04F79EFBC}") = "MvvmUtils", "MvvmUtils\MvvmUtils.csproj", "{FE91AE99-5CC8-4BBC-A60D-89E23154A971}"
EndProject
Project("{2150E333-8FDC-42A3-9474-1A3956D46DE8}") = "Sample", "Sample", "{4089912D-817D-479F-B1B0-E3B5C3CC98E6}"
EndProject
Project("{FAE04EC0-301F-11D3-BF4B-00C04F79EFBC}") = "MvvmUtilsExample.Android", "MvvmUtilsExample\MvvmUtilsExample.Android\MvvmUtilsExample.Android.csproj", "{6F942307-231D-4830-A8F2-A76C800FC4A4}"
EndProject
Project("{FAE04EC0-301F-11D3-BF4B-00C04F79EFBC}") = "MvvmUtilsExample.iOS", "MvvmUtilsExample\MvvmUtilsExample.iOS\MvvmUtilsExample.iOS.csproj", "{77EE351B-ED07-4296-A990-112B369D9759}"
EndProject
Project("{FAE04EC0-301F-11D3-BF4B-00C04F79EFBC}") = "MvvmUtilsExample.UWP", "MvvmUtilsExample\MvvmUtilsExample.UWP\MvvmUtilsExample.UWP.csproj", "{5A7E16E1-260B-4B3C-B63F-EC3EC33AD768}"
EndProject
Project("{FAE04EC0-301F-11D3-BF4B-00C04F79EFBC}") = "MvvmUtilsExample", "MvvmUtilsExample\MvvmUtilsExample\MvvmUtilsExample.csproj", "{973291D0-9858-4D19-BE18-D5F51A9C10AD}"
EndProject
Global
	GlobalSection(SolutionConfigurationPlatforms) = preSolution
		Ad-Hoc|Any CPU = Ad-Hoc|Any CPU
		Ad-Hoc|ARM = Ad-Hoc|ARM
		Ad-Hoc|iPhone = Ad-Hoc|iPhone
		Ad-Hoc|iPhoneSimulator = Ad-Hoc|iPhoneSimulator
		Ad-Hoc|x64 = Ad-Hoc|x64
		Ad-Hoc|x86 = Ad-Hoc|x86
		AppStore|Any CPU = AppStore|Any CPU
		AppStore|ARM = AppStore|ARM
		AppStore|iPhone = AppStore|iPhone
		AppStore|iPhoneSimulator = AppStore|iPhoneSimulator
		AppStore|x64 = AppStore|x64
		AppStore|x86 = AppStore|x86
		Debug|Any CPU = Debug|Any CPU
		Debug|ARM = Debug|ARM
		Debug|iPhone = Debug|iPhone
		Debug|iPhoneSimulator = Debug|iPhoneSimulator
		Debug|x64 = Debug|x64
		Debug|x86 = Debug|x86
		Release|Any CPU = Release|Any CPU
		Release|ARM = Release|ARM
		Release|iPhone = Release|iPhone
		Release|iPhoneSimulator = Release|iPhoneSimulator
		Release|x64 = Release|x64
		Release|x86 = Release|x86
	EndGlobalSection
	GlobalSection(ProjectConfigurationPlatforms) = postSolution
		{FE91AE99-5CC8-4BBC-A60D-89E23154A971}.Ad-Hoc|Any CPU.ActiveCfg = Debug|Any CPU
		{FE91AE99-5CC8-4BBC-A60D-89E23154A971}.Ad-Hoc|Any CPU.Build.0 = Debug|Any CPU
		{FE91AE99-5CC8-4BBC-A60D-89E23154A971}.Ad-Hoc|ARM.ActiveCfg = Debug|Any CPU
		{FE91AE99-5CC8-4BBC-A60D-89E23154A971}.Ad-Hoc|ARM.Build.0 = Debug|Any CPU
		{FE91AE99-5CC8-4BBC-A60D-89E23154A971}.Ad-Hoc|iPhone.ActiveCfg = Debug|Any CPU
		{FE91AE99-5CC8-4BBC-A60D-89E23154A971}.Ad-Hoc|iPhone.Build.0 = Debug|Any CPU
		{FE91AE99-5CC8-4BBC-A60D-89E23154A971}.Ad-Hoc|iPhoneSimulator.ActiveCfg = Debug|Any CPU
		{FE91AE99-5CC8-4BBC-A60D-89E23154A971}.Ad-Hoc|iPhoneSimulator.Build.0 = Debug|Any CPU
		{FE91AE99-5CC8-4BBC-A60D-89E23154A971}.Ad-Hoc|x64.ActiveCfg = Debug|Any CPU
		{FE91AE99-5CC8-4BBC-A60D-89E23154A971}.Ad-Hoc|x64.Build.0 = Debug|Any CPU
		{FE91AE99-5CC8-4BBC-A60D-89E23154A971}.Ad-Hoc|x86.ActiveCfg = Debug|Any CPU
		{FE91AE99-5CC8-4BBC-A60D-89E23154A971}.Ad-Hoc|x86.Build.0 = Debug|Any CPU
		{FE91AE99-5CC8-4BBC-A60D-89E23154A971}.AppStore|Any CPU.ActiveCfg = Debug|Any CPU
		{FE91AE99-5CC8-4BBC-A60D-89E23154A971}.AppStore|Any CPU.Build.0 = Debug|Any CPU
		{FE91AE99-5CC8-4BBC-A60D-89E23154A971}.AppStore|ARM.ActiveCfg = Debug|Any CPU
		{FE91AE99-5CC8-4BBC-A60D-89E23154A971}.AppStore|ARM.Build.0 = Debug|Any CPU
		{FE91AE99-5CC8-4BBC-A60D-89E23154A971}.AppStore|iPhone.ActiveCfg = Debug|Any CPU
		{FE91AE99-5CC8-4BBC-A60D-89E23154A971}.AppStore|iPhone.Build.0 = Debug|Any CPU
		{FE91AE99-5CC8-4BBC-A60D-89E23154A971}.AppStore|iPhoneSimulator.ActiveCfg = Debug|Any CPU
		{FE91AE99-5CC8-4BBC-A60D-89E23154A971}.AppStore|iPhoneSimulator.Build.0 = Debug|Any CPU
		{FE91AE99-5CC8-4BBC-A60D-89E23154A971}.AppStore|x64.ActiveCfg = Debug|Any CPU
		{FE91AE99-5CC8-4BBC-A60D-89E23154A971}.AppStore|x64.Build.0 = Debug|Any CPU
		{FE91AE99-5CC8-4BBC-A60D-89E23154A971}.AppStore|x86.ActiveCfg = Debug|Any CPU
		{FE91AE99-5CC8-4BBC-A60D-89E23154A971}.AppStore|x86.Build.0 = Debug|Any CPU
		{FE91AE99-5CC8-4BBC-A60D-89E23154A971}.Debug|Any CPU.ActiveCfg = Debug|Any CPU
		{FE91AE99-5CC8-4BBC-A60D-89E23154A971}.Debug|Any CPU.Build.0 = Debug|Any CPU
		{FE91AE99-5CC8-4BBC-A60D-89E23154A971}.Debug|ARM.ActiveCfg = Debug|Any CPU
		{FE91AE99-5CC8-4BBC-A60D-89E23154A971}.Debug|ARM.Build.0 = Debug|Any CPU
		{FE91AE99-5CC8-4BBC-A60D-89E23154A971}.Debug|iPhone.ActiveCfg = Debug|Any CPU
		{FE91AE99-5CC8-4BBC-A60D-89E23154A971}.Debug|iPhone.Build.0 = Debug|Any CPU
		{FE91AE99-5CC8-4BBC-A60D-89E23154A971}.Debug|iPhoneSimulator.ActiveCfg = Debug|Any CPU
		{FE91AE99-5CC8-4BBC-A60D-89E23154A971}.Debug|iPhoneSimulator.Build.0 = Debug|Any CPU
		{FE91AE99-5CC8-4BBC-A60D-89E23154A971}.Debug|x64.ActiveCfg = Debug|Any CPU
		{FE91AE99-5CC8-4BBC-A60D-89E23154A971}.Debug|x64.Build.0 = Debug|Any CPU
		{FE91AE99-5CC8-4BBC-A60D-89E23154A971}.Debug|x86.ActiveCfg = Debug|Any CPU
		{FE91AE99-5CC8-4BBC-A60D-89E23154A971}.Debug|x86.Build.0 = Debug|Any CPU
		{FE91AE99-5CC8-4BBC-A60D-89E23154A971}.Release|Any CPU.ActiveCfg = Release|Any CPU
		{FE91AE99-5CC8-4BBC-A60D-89E23154A971}.Release|Any CPU.Build.0 = Release|Any CPU
		{FE91AE99-5CC8-4BBC-A60D-89E23154A971}.Release|ARM.ActiveCfg = Release|Any CPU
		{FE91AE99-5CC8-4BBC-A60D-89E23154A971}.Release|ARM.Build.0 = Release|Any CPU
		{FE91AE99-5CC8-4BBC-A60D-89E23154A971}.Release|iPhone.ActiveCfg = Release|Any CPU
		{FE91AE99-5CC8-4BBC-A60D-89E23154A971}.Release|iPhone.Build.0 = Release|Any CPU
		{FE91AE99-5CC8-4BBC-A60D-89E23154A971}.Release|iPhoneSimulator.ActiveCfg = Release|Any CPU
		{FE91AE99-5CC8-4BBC-A60D-89E23154A971}.Release|iPhoneSimulator.Build.0 = Release|Any CPU
		{FE91AE99-5CC8-4BBC-A60D-89E23154A971}.Release|x64.ActiveCfg = Release|Any CPU
		{FE91AE99-5CC8-4BBC-A60D-89E23154A971}.Release|x64.Build.0 = Release|Any CPU
		{FE91AE99-5CC8-4BBC-A60D-89E23154A971}.Release|x86.ActiveCfg = Release|Any CPU
		{FE91AE99-5CC8-4BBC-A60D-89E23154A971}.Release|x86.Build.0 = Release|Any CPU
		{6F942307-231D-4830-A8F2-A76C800FC4A4}.Ad-Hoc|Any CPU.ActiveCfg = Release|Any CPU
		{6F942307-231D-4830-A8F2-A76C800FC4A4}.Ad-Hoc|Any CPU.Build.0 = Release|Any CPU
		{6F942307-231D-4830-A8F2-A76C800FC4A4}.Ad-Hoc|Any CPU.Deploy.0 = Release|Any CPU
		{6F942307-231D-4830-A8F2-A76C800FC4A4}.Ad-Hoc|ARM.ActiveCfg = Release|Any CPU
		{6F942307-231D-4830-A8F2-A76C800FC4A4}.Ad-Hoc|ARM.Build.0 = Release|Any CPU
		{6F942307-231D-4830-A8F2-A76C800FC4A4}.Ad-Hoc|ARM.Deploy.0 = Release|Any CPU
		{6F942307-231D-4830-A8F2-A76C800FC4A4}.Ad-Hoc|iPhone.ActiveCfg = Release|Any CPU
		{6F942307-231D-4830-A8F2-A76C800FC4A4}.Ad-Hoc|iPhone.Build.0 = Release|Any CPU
		{6F942307-231D-4830-A8F2-A76C800FC4A4}.Ad-Hoc|iPhone.Deploy.0 = Release|Any CPU
		{6F942307-231D-4830-A8F2-A76C800FC4A4}.Ad-Hoc|iPhoneSimulator.ActiveCfg = Release|Any CPU
		{6F942307-231D-4830-A8F2-A76C800FC4A4}.Ad-Hoc|iPhoneSimulator.Build.0 = Release|Any CPU
		{6F942307-231D-4830-A8F2-A76C800FC4A4}.Ad-Hoc|iPhoneSimulator.Deploy.0 = Release|Any CPU
		{6F942307-231D-4830-A8F2-A76C800FC4A4}.Ad-Hoc|x64.ActiveCfg = Release|Any CPU
		{6F942307-231D-4830-A8F2-A76C800FC4A4}.Ad-Hoc|x64.Build.0 = Release|Any CPU
		{6F942307-231D-4830-A8F2-A76C800FC4A4}.Ad-Hoc|x64.Deploy.0 = Release|Any CPU
		{6F942307-231D-4830-A8F2-A76C800FC4A4}.Ad-Hoc|x86.ActiveCfg = Release|Any CPU
		{6F942307-231D-4830-A8F2-A76C800FC4A4}.Ad-Hoc|x86.Build.0 = Release|Any CPU
		{6F942307-231D-4830-A8F2-A76C800FC4A4}.Ad-Hoc|x86.Deploy.0 = Release|Any CPU
		{6F942307-231D-4830-A8F2-A76C800FC4A4}.AppStore|Any CPU.ActiveCfg = Release|Any CPU
		{6F942307-231D-4830-A8F2-A76C800FC4A4}.AppStore|Any CPU.Build.0 = Release|Any CPU
		{6F942307-231D-4830-A8F2-A76C800FC4A4}.AppStore|Any CPU.Deploy.0 = Release|Any CPU
		{6F942307-231D-4830-A8F2-A76C800FC4A4}.AppStore|ARM.ActiveCfg = Release|Any CPU
		{6F942307-231D-4830-A8F2-A76C800FC4A4}.AppStore|ARM.Build.0 = Release|Any CPU
		{6F942307-231D-4830-A8F2-A76C800FC4A4}.AppStore|ARM.Deploy.0 = Release|Any CPU
		{6F942307-231D-4830-A8F2-A76C800FC4A4}.AppStore|iPhone.ActiveCfg = Release|Any CPU
		{6F942307-231D-4830-A8F2-A76C800FC4A4}.AppStore|iPhone.Build.0 = Release|Any CPU
		{6F942307-231D-4830-A8F2-A76C800FC4A4}.AppStore|iPhone.Deploy.0 = Release|Any CPU
		{6F942307-231D-4830-A8F2-A76C800FC4A4}.AppStore|iPhoneSimulator.ActiveCfg = Release|Any CPU
		{6F942307-231D-4830-A8F2-A76C800FC4A4}.AppStore|iPhoneSimulator.Build.0 = Release|Any CPU
		{6F942307-231D-4830-A8F2-A76C800FC4A4}.AppStore|iPhoneSimulator.Deploy.0 = Release|Any CPU
		{6F942307-231D-4830-A8F2-A76C800FC4A4}.AppStore|x64.ActiveCfg = Release|Any CPU
		{6F942307-231D-4830-A8F2-A76C800FC4A4}.AppStore|x64.Build.0 = Release|Any CPU
		{6F942307-231D-4830-A8F2-A76C800FC4A4}.AppStore|x64.Deploy.0 = Release|Any CPU
		{6F942307-231D-4830-A8F2-A76C800FC4A4}.AppStore|x86.ActiveCfg = Release|Any CPU
		{6F942307-231D-4830-A8F2-A76C800FC4A4}.AppStore|x86.Build.0 = Release|Any CPU
		{6F942307-231D-4830-A8F2-A76C800FC4A4}.AppStore|x86.Deploy.0 = Release|Any CPU
		{6F942307-231D-4830-A8F2-A76C800FC4A4}.Debug|Any CPU.ActiveCfg = Debug|Any CPU
		{6F942307-231D-4830-A8F2-A76C800FC4A4}.Debug|Any CPU.Build.0 = Debug|Any CPU
		{6F942307-231D-4830-A8F2-A76C800FC4A4}.Debug|Any CPU.Deploy.0 = Debug|Any CPU
		{6F942307-231D-4830-A8F2-A76C800FC4A4}.Debug|ARM.ActiveCfg = Debug|Any CPU
		{6F942307-231D-4830-A8F2-A76C800FC4A4}.Debug|ARM.Build.0 = Debug|Any CPU
		{6F942307-231D-4830-A8F2-A76C800FC4A4}.Debug|ARM.Deploy.0 = Debug|Any CPU
		{6F942307-231D-4830-A8F2-A76C800FC4A4}.Debug|iPhone.ActiveCfg = Debug|Any CPU
		{6F942307-231D-4830-A8F2-A76C800FC4A4}.Debug|iPhone.Build.0 = Debug|Any CPU
		{6F942307-231D-4830-A8F2-A76C800FC4A4}.Debug|iPhone.Deploy.0 = Debug|Any CPU
		{6F942307-231D-4830-A8F2-A76C800FC4A4}.Debug|iPhoneSimulator.ActiveCfg = Debug|Any CPU
		{6F942307-231D-4830-A8F2-A76C800FC4A4}.Debug|iPhoneSimulator.Build.0 = Debug|Any CPU
		{6F942307-231D-4830-A8F2-A76C800FC4A4}.Debug|iPhoneSimulator.Deploy.0 = Debug|Any CPU
		{6F942307-231D-4830-A8F2-A76C800FC4A4}.Debug|x64.ActiveCfg = Debug|Any CPU
		{6F942307-231D-4830-A8F2-A76C800FC4A4}.Debug|x64.Build.0 = Debug|Any CPU
		{6F942307-231D-4830-A8F2-A76C800FC4A4}.Debug|x64.Deploy.0 = Debug|Any CPU
		{6F942307-231D-4830-A8F2-A76C800FC4A4}.Debug|x86.ActiveCfg = Debug|Any CPU
		{6F942307-231D-4830-A8F2-A76C800FC4A4}.Debug|x86.Build.0 = Debug|Any CPU
		{6F942307-231D-4830-A8F2-A76C800FC4A4}.Debug|x86.Deploy.0 = Debug|Any CPU
		{6F942307-231D-4830-A8F2-A76C800FC4A4}.Release|Any CPU.ActiveCfg = Release|Any CPU
		{6F942307-231D-4830-A8F2-A76C800FC4A4}.Release|Any CPU.Build.0 = Release|Any CPU
		{6F942307-231D-4830-A8F2-A76C800FC4A4}.Release|Any CPU.Deploy.0 = Release|Any CPU
		{6F942307-231D-4830-A8F2-A76C800FC4A4}.Release|ARM.ActiveCfg = Release|Any CPU
		{6F942307-231D-4830-A8F2-A76C800FC4A4}.Release|ARM.Build.0 = Release|Any CPU
		{6F942307-231D-4830-A8F2-A76C800FC4A4}.Release|ARM.Deploy.0 = Release|Any CPU
		{6F942307-231D-4830-A8F2-A76C800FC4A4}.Release|iPhone.ActiveCfg = Release|Any CPU
		{6F942307-231D-4830-A8F2-A76C800FC4A4}.Release|iPhone.Build.0 = Release|Any CPU
		{6F942307-231D-4830-A8F2-A76C800FC4A4}.Release|iPhone.Deploy.0 = Release|Any CPU
		{6F942307-231D-4830-A8F2-A76C800FC4A4}.Release|iPhoneSimulator.ActiveCfg = Release|Any CPU
		{6F942307-231D-4830-A8F2-A76C800FC4A4}.Release|iPhoneSimulator.Build.0 = Release|Any CPU
		{6F942307-231D-4830-A8F2-A76C800FC4A4}.Release|iPhoneSimulator.Deploy.0 = Release|Any CPU
		{6F942307-231D-4830-A8F2-A76C800FC4A4}.Release|x64.ActiveCfg = Release|Any CPU
		{6F942307-231D-4830-A8F2-A76C800FC4A4}.Release|x64.Build.0 = Release|Any CPU
		{6F942307-231D-4830-A8F2-A76C800FC4A4}.Release|x64.Deploy.0 = Release|Any CPU
		{6F942307-231D-4830-A8F2-A76C800FC4A4}.Release|x86.ActiveCfg = Release|Any CPU
		{6F942307-231D-4830-A8F2-A76C800FC4A4}.Release|x86.Build.0 = Release|Any CPU
		{6F942307-231D-4830-A8F2-A76C800FC4A4}.Release|x86.Deploy.0 = Release|Any CPU
		{77EE351B-ED07-4296-A990-112B369D9759}.Ad-Hoc|Any CPU.ActiveCfg = Ad-Hoc|iPhone
		{77EE351B-ED07-4296-A990-112B369D9759}.Ad-Hoc|ARM.ActiveCfg = Ad-Hoc|iPhone
		{77EE351B-ED07-4296-A990-112B369D9759}.Ad-Hoc|iPhone.ActiveCfg = Ad-Hoc|iPhone
		{77EE351B-ED07-4296-A990-112B369D9759}.Ad-Hoc|iPhone.Build.0 = Ad-Hoc|iPhone
		{77EE351B-ED07-4296-A990-112B369D9759}.Ad-Hoc|iPhoneSimulator.ActiveCfg = Ad-Hoc|iPhoneSimulator
		{77EE351B-ED07-4296-A990-112B369D9759}.Ad-Hoc|iPhoneSimulator.Build.0 = Ad-Hoc|iPhoneSimulator
		{77EE351B-ED07-4296-A990-112B369D9759}.Ad-Hoc|x64.ActiveCfg = Ad-Hoc|iPhone
		{77EE351B-ED07-4296-A990-112B369D9759}.Ad-Hoc|x86.ActiveCfg = Ad-Hoc|iPhone
		{77EE351B-ED07-4296-A990-112B369D9759}.AppStore|Any CPU.ActiveCfg = AppStore|iPhone
		{77EE351B-ED07-4296-A990-112B369D9759}.AppStore|ARM.ActiveCfg = AppStore|iPhone
		{77EE351B-ED07-4296-A990-112B369D9759}.AppStore|iPhone.ActiveCfg = AppStore|iPhone
		{77EE351B-ED07-4296-A990-112B369D9759}.AppStore|iPhone.Build.0 = AppStore|iPhone
		{77EE351B-ED07-4296-A990-112B369D9759}.AppStore|iPhoneSimulator.ActiveCfg = AppStore|iPhoneSimulator
		{77EE351B-ED07-4296-A990-112B369D9759}.AppStore|iPhoneSimulator.Build.0 = AppStore|iPhoneSimulator
		{77EE351B-ED07-4296-A990-112B369D9759}.AppStore|x64.ActiveCfg = AppStore|iPhone
		{77EE351B-ED07-4296-A990-112B369D9759}.AppStore|x86.ActiveCfg = AppStore|iPhone
		{77EE351B-ED07-4296-A990-112B369D9759}.Debug|Any CPU.ActiveCfg = Debug|iPhone
		{77EE351B-ED07-4296-A990-112B369D9759}.Debug|ARM.ActiveCfg = Debug|iPhone
		{77EE351B-ED07-4296-A990-112B369D9759}.Debug|iPhone.ActiveCfg = Debug|iPhone
		{77EE351B-ED07-4296-A990-112B369D9759}.Debug|iPhone.Build.0 = Debug|iPhone
		{77EE351B-ED07-4296-A990-112B369D9759}.Debug|iPhoneSimulator.ActiveCfg = Debug|iPhoneSimulator
		{77EE351B-ED07-4296-A990-112B369D9759}.Debug|iPhoneSimulator.Build.0 = Debug|iPhoneSimulator
		{77EE351B-ED07-4296-A990-112B369D9759}.Debug|x64.ActiveCfg = Debug|iPhone
		{77EE351B-ED07-4296-A990-112B369D9759}.Debug|x86.ActiveCfg = Debug|iPhone
		{77EE351B-ED07-4296-A990-112B369D9759}.Release|Any CPU.ActiveCfg = Release|iPhone
		{77EE351B-ED07-4296-A990-112B369D9759}.Release|ARM.ActiveCfg = Release|iPhone
		{77EE351B-ED07-4296-A990-112B369D9759}.Release|iPhone.ActiveCfg = Release|iPhone
		{77EE351B-ED07-4296-A990-112B369D9759}.Release|iPhone.Build.0 = Release|iPhone
		{77EE351B-ED07-4296-A990-112B369D9759}.Release|iPhoneSimulator.ActiveCfg = Release|iPhoneSimulator
		{77EE351B-ED07-4296-A990-112B369D9759}.Release|iPhoneSimulator.Build.0 = Release|iPhoneSimulator
		{77EE351B-ED07-4296-A990-112B369D9759}.Release|x64.ActiveCfg = Release|iPhone
		{77EE351B-ED07-4296-A990-112B369D9759}.Release|x86.ActiveCfg = Release|iPhone
		{5A7E16E1-260B-4B3C-B63F-EC3EC33AD768}.Ad-Hoc|Any CPU.ActiveCfg = Release|x86
		{5A7E16E1-260B-4B3C-B63F-EC3EC33AD768}.Ad-Hoc|Any CPU.Build.0 = Release|x86
		{5A7E16E1-260B-4B3C-B63F-EC3EC33AD768}.Ad-Hoc|Any CPU.Deploy.0 = Release|x86
		{5A7E16E1-260B-4B3C-B63F-EC3EC33AD768}.Ad-Hoc|ARM.ActiveCfg = Release|ARM
		{5A7E16E1-260B-4B3C-B63F-EC3EC33AD768}.Ad-Hoc|ARM.Build.0 = Release|ARM
		{5A7E16E1-260B-4B3C-B63F-EC3EC33AD768}.Ad-Hoc|ARM.Deploy.0 = Release|ARM
		{5A7E16E1-260B-4B3C-B63F-EC3EC33AD768}.Ad-Hoc|iPhone.ActiveCfg = Release|x86
		{5A7E16E1-260B-4B3C-B63F-EC3EC33AD768}.Ad-Hoc|iPhone.Build.0 = Release|x86
		{5A7E16E1-260B-4B3C-B63F-EC3EC33AD768}.Ad-Hoc|iPhone.Deploy.0 = Release|x86
		{5A7E16E1-260B-4B3C-B63F-EC3EC33AD768}.Ad-Hoc|iPhoneSimulator.ActiveCfg = Release|x86
		{5A7E16E1-260B-4B3C-B63F-EC3EC33AD768}.Ad-Hoc|iPhoneSimulator.Build.0 = Release|x86
		{5A7E16E1-260B-4B3C-B63F-EC3EC33AD768}.Ad-Hoc|iPhoneSimulator.Deploy.0 = Release|x86
		{5A7E16E1-260B-4B3C-B63F-EC3EC33AD768}.Ad-Hoc|x64.ActiveCfg = Release|x64
		{5A7E16E1-260B-4B3C-B63F-EC3EC33AD768}.Ad-Hoc|x64.Build.0 = Release|x64
		{5A7E16E1-260B-4B3C-B63F-EC3EC33AD768}.Ad-Hoc|x64.Deploy.0 = Release|x64
		{5A7E16E1-260B-4B3C-B63F-EC3EC33AD768}.Ad-Hoc|x86.ActiveCfg = Release|x86
		{5A7E16E1-260B-4B3C-B63F-EC3EC33AD768}.Ad-Hoc|x86.Build.0 = Release|x86
		{5A7E16E1-260B-4B3C-B63F-EC3EC33AD768}.Ad-Hoc|x86.Deploy.0 = Release|x86
		{5A7E16E1-260B-4B3C-B63F-EC3EC33AD768}.AppStore|Any CPU.ActiveCfg = Release|x86
		{5A7E16E1-260B-4B3C-B63F-EC3EC33AD768}.AppStore|Any CPU.Build.0 = Release|x86
		{5A7E16E1-260B-4B3C-B63F-EC3EC33AD768}.AppStore|Any CPU.Deploy.0 = Release|x86
		{5A7E16E1-260B-4B3C-B63F-EC3EC33AD768}.AppStore|ARM.ActiveCfg = Release|ARM
		{5A7E16E1-260B-4B3C-B63F-EC3EC33AD768}.AppStore|ARM.Build.0 = Release|ARM
		{5A7E16E1-260B-4B3C-B63F-EC3EC33AD768}.AppStore|ARM.Deploy.0 = Release|ARM
		{5A7E16E1-260B-4B3C-B63F-EC3EC33AD768}.AppStore|iPhone.ActiveCfg = Release|x86
		{5A7E16E1-260B-4B3C-B63F-EC3EC33AD768}.AppStore|iPhone.Build.0 = Release|x86
		{5A7E16E1-260B-4B3C-B63F-EC3EC33AD768}.AppStore|iPhone.Deploy.0 = Release|x86
		{5A7E16E1-260B-4B3C-B63F-EC3EC33AD768}.AppStore|iPhoneSimulator.ActiveCfg = Release|x86
		{5A7E16E1-260B-4B3C-B63F-EC3EC33AD768}.AppStore|iPhoneSimulator.Build.0 = Release|x86
		{5A7E16E1-260B-4B3C-B63F-EC3EC33AD768}.AppStore|iPhoneSimulator.Deploy.0 = Release|x86
		{5A7E16E1-260B-4B3C-B63F-EC3EC33AD768}.AppStore|x64.ActiveCfg = Release|x64
		{5A7E16E1-260B-4B3C-B63F-EC3EC33AD768}.AppStore|x64.Build.0 = Release|x64
		{5A7E16E1-260B-4B3C-B63F-EC3EC33AD768}.AppStore|x64.Deploy.0 = Release|x64
		{5A7E16E1-260B-4B3C-B63F-EC3EC33AD768}.AppStore|x86.ActiveCfg = Release|x86
		{5A7E16E1-260B-4B3C-B63F-EC3EC33AD768}.AppStore|x86.Build.0 = Release|x86
		{5A7E16E1-260B-4B3C-B63F-EC3EC33AD768}.AppStore|x86.Deploy.0 = Release|x86
		{5A7E16E1-260B-4B3C-B63F-EC3EC33AD768}.Debug|Any CPU.ActiveCfg = Debug|x86
		{5A7E16E1-260B-4B3C-B63F-EC3EC33AD768}.Debug|ARM.ActiveCfg = Debug|ARM
		{5A7E16E1-260B-4B3C-B63F-EC3EC33AD768}.Debug|ARM.Build.0 = Debug|ARM
		{5A7E16E1-260B-4B3C-B63F-EC3EC33AD768}.Debug|ARM.Deploy.0 = Debug|ARM
		{5A7E16E1-260B-4B3C-B63F-EC3EC33AD768}.Debug|iPhone.ActiveCfg = Debug|x86
		{5A7E16E1-260B-4B3C-B63F-EC3EC33AD768}.Debug|iPhoneSimulator.ActiveCfg = Debug|x86
		{5A7E16E1-260B-4B3C-B63F-EC3EC33AD768}.Debug|x64.ActiveCfg = Debug|x64
		{5A7E16E1-260B-4B3C-B63F-EC3EC33AD768}.Debug|x64.Build.0 = Debug|x64
		{5A7E16E1-260B-4B3C-B63F-EC3EC33AD768}.Debug|x64.Deploy.0 = Debug|x64
		{5A7E16E1-260B-4B3C-B63F-EC3EC33AD768}.Debug|x86.ActiveCfg = Debug|x86
		{5A7E16E1-260B-4B3C-B63F-EC3EC33AD768}.Debug|x86.Build.0 = Debug|x86
		{5A7E16E1-260B-4B3C-B63F-EC3EC33AD768}.Debug|x86.Deploy.0 = Debug|x86
		{5A7E16E1-260B-4B3C-B63F-EC3EC33AD768}.Release|Any CPU.ActiveCfg = Release|x86
		{5A7E16E1-260B-4B3C-B63F-EC3EC33AD768}.Release|ARM.ActiveCfg = Release|ARM
		{5A7E16E1-260B-4B3C-B63F-EC3EC33AD768}.Release|ARM.Build.0 = Release|ARM
		{5A7E16E1-260B-4B3C-B63F-EC3EC33AD768}.Release|ARM.Deploy.0 = Release|ARM
		{5A7E16E1-260B-4B3C-B63F-EC3EC33AD768}.Release|iPhone.ActiveCfg = Release|x86
		{5A7E16E1-260B-4B3C-B63F-EC3EC33AD768}.Release|iPhoneSimulator.ActiveCfg = Release|x86
		{5A7E16E1-260B-4B3C-B63F-EC3EC33AD768}.Release|x64.ActiveCfg = Release|x64
		{5A7E16E1-260B-4B3C-B63F-EC3EC33AD768}.Release|x64.Build.0 = Release|x64
		{5A7E16E1-260B-4B3C-B63F-EC3EC33AD768}.Release|x64.Deploy.0 = Release|x64
		{5A7E16E1-260B-4B3C-B63F-EC3EC33AD768}.Release|x86.ActiveCfg = Release|x86
		{5A7E16E1-260B-4B3C-B63F-EC3EC33AD768}.Release|x86.Build.0 = Release|x86
		{5A7E16E1-260B-4B3C-B63F-EC3EC33AD768}.Release|x86.Deploy.0 = Release|x86
		{973291D0-9858-4D19-BE18-D5F51A9C10AD}.Ad-Hoc|Any CPU.ActiveCfg = Debug|Any CPU
		{973291D0-9858-4D19-BE18-D5F51A9C10AD}.Ad-Hoc|Any CPU.Build.0 = Debug|Any CPU
		{973291D0-9858-4D19-BE18-D5F51A9C10AD}.Ad-Hoc|ARM.ActiveCfg = Debug|Any CPU
		{973291D0-9858-4D19-BE18-D5F51A9C10AD}.Ad-Hoc|ARM.Build.0 = Debug|Any CPU
		{973291D0-9858-4D19-BE18-D5F51A9C10AD}.Ad-Hoc|iPhone.ActiveCfg = Debug|Any CPU
		{973291D0-9858-4D19-BE18-D5F51A9C10AD}.Ad-Hoc|iPhone.Build.0 = Debug|Any CPU
		{973291D0-9858-4D19-BE18-D5F51A9C10AD}.Ad-Hoc|iPhoneSimulator.ActiveCfg = Debug|Any CPU
		{973291D0-9858-4D19-BE18-D5F51A9C10AD}.Ad-Hoc|iPhoneSimulator.Build.0 = Debug|Any CPU
		{973291D0-9858-4D19-BE18-D5F51A9C10AD}.Ad-Hoc|x64.ActiveCfg = Debug|Any CPU
		{973291D0-9858-4D19-BE18-D5F51A9C10AD}.Ad-Hoc|x64.Build.0 = Debug|Any CPU
		{973291D0-9858-4D19-BE18-D5F51A9C10AD}.Ad-Hoc|x86.ActiveCfg = Debug|Any CPU
		{973291D0-9858-4D19-BE18-D5F51A9C10AD}.Ad-Hoc|x86.Build.0 = Debug|Any CPU
		{973291D0-9858-4D19-BE18-D5F51A9C10AD}.AppStore|Any CPU.ActiveCfg = Debug|Any CPU
		{973291D0-9858-4D19-BE18-D5F51A9C10AD}.AppStore|Any CPU.Build.0 = Debug|Any CPU
		{973291D0-9858-4D19-BE18-D5F51A9C10AD}.AppStore|ARM.ActiveCfg = Debug|Any CPU
		{973291D0-9858-4D19-BE18-D5F51A9C10AD}.AppStore|ARM.Build.0 = Debug|Any CPU
		{973291D0-9858-4D19-BE18-D5F51A9C10AD}.AppStore|iPhone.ActiveCfg = Debug|Any CPU
		{973291D0-9858-4D19-BE18-D5F51A9C10AD}.AppStore|iPhone.Build.0 = Debug|Any CPU
		{973291D0-9858-4D19-BE18-D5F51A9C10AD}.AppStore|iPhoneSimulator.ActiveCfg = Debug|Any CPU
		{973291D0-9858-4D19-BE18-D5F51A9C10AD}.AppStore|iPhoneSimulator.Build.0 = Debug|Any CPU
		{973291D0-9858-4D19-BE18-D5F51A9C10AD}.AppStore|x64.ActiveCfg = Debug|Any CPU
		{973291D0-9858-4D19-BE18-D5F51A9C10AD}.AppStore|x64.Build.0 = Debug|Any CPU
		{973291D0-9858-4D19-BE18-D5F51A9C10AD}.AppStore|x86.ActiveCfg = Debug|Any CPU
		{973291D0-9858-4D19-BE18-D5F51A9C10AD}.AppStore|x86.Build.0 = Debug|Any CPU
		{973291D0-9858-4D19-BE18-D5F51A9C10AD}.Debug|Any CPU.ActiveCfg = Debug|Any CPU
		{973291D0-9858-4D19-BE18-D5F51A9C10AD}.Debug|Any CPU.Build.0 = Debug|Any CPU
		{973291D0-9858-4D19-BE18-D5F51A9C10AD}.Debug|ARM.ActiveCfg = Debug|Any CPU
		{973291D0-9858-4D19-BE18-D5F51A9C10AD}.Debug|ARM.Build.0 = Debug|Any CPU
		{973291D0-9858-4D19-BE18-D5F51A9C10AD}.Debug|iPhone.ActiveCfg = Debug|Any CPU
		{973291D0-9858-4D19-BE18-D5F51A9C10AD}.Debug|iPhone.Build.0 = Debug|Any CPU
		{973291D0-9858-4D19-BE18-D5F51A9C10AD}.Debug|iPhoneSimulator.ActiveCfg = Debug|Any CPU
		{973291D0-9858-4D19-BE18-D5F51A9C10AD}.Debug|iPhoneSimulator.Build.0 = Debug|Any CPU
		{973291D0-9858-4D19-BE18-D5F51A9C10AD}.Debug|x64.ActiveCfg = Debug|Any CPU
		{973291D0-9858-4D19-BE18-D5F51A9C10AD}.Debug|x64.Build.0 = Debug|Any CPU
		{973291D0-9858-4D19-BE18-D5F51A9C10AD}.Debug|x86.ActiveCfg = Debug|Any CPU
		{973291D0-9858-4D19-BE18-D5F51A9C10AD}.Debug|x86.Build.0 = Debug|Any CPU
		{973291D0-9858-4D19-BE18-D5F51A9C10AD}.Release|Any CPU.ActiveCfg = Release|Any CPU
		{973291D0-9858-4D19-BE18-D5F51A9C10AD}.Release|Any CPU.Build.0 = Release|Any CPU
		{973291D0-9858-4D19-BE18-D5F51A9C10AD}.Release|ARM.ActiveCfg = Release|Any CPU
		{973291D0-9858-4D19-BE18-D5F51A9C10AD}.Release|ARM.Build.0 = Release|Any CPU
		{973291D0-9858-4D19-BE18-D5F51A9C10AD}.Release|iPhone.ActiveCfg = Release|Any CPU
		{973291D0-9858-4D19-BE18-D5F51A9C10AD}.Release|iPhone.Build.0 = Release|Any CPU
		{973291D0-9858-4D19-BE18-D5F51A9C10AD}.Release|iPhoneSimulator.ActiveCfg = Release|Any CPU
		{973291D0-9858-4D19-BE18-D5F51A9C10AD}.Release|iPhoneSimulator.Build.0 = Release|Any CPU
		{973291D0-9858-4D19-BE18-D5F51A9C10AD}.Release|x64.ActiveCfg = Release|Any CPU
		{973291D0-9858-4D19-BE18-D5F51A9C10AD}.Release|x64.Build.0 = Release|Any CPU
		{973291D0-9858-4D19-BE18-D5F51A9C10AD}.Release|x86.ActiveCfg = Release|Any CPU
		{973291D0-9858-4D19-BE18-D5F51A9C10AD}.Release|x86.Build.0 = Release|Any CPU
	EndGlobalSection
	GlobalSection(SolutionProperties) = preSolution
		HideSolutionNode = FALSE
	EndGlobalSection
	GlobalSection(NestedProjects) = preSolution
		{6F942307-231D-4830-A8F2-A76C800FC4A4} = {4089912D-817D-479F-B1B0-E3B5C3CC98E6}
		{77EE351B-ED07-4296-A990-112B369D9759} = {4089912D-817D-479F-B1B0-E3B5C3CC98E6}
		{5A7E16E1-260B-4B3C-B63F-EC3EC33AD768} = {4089912D-817D-479F-B1B0-E3B5C3CC98E6}
		{973291D0-9858-4D19-BE18-D5F51A9C10AD} = {4089912D-817D-479F-B1B0-E3B5C3CC98E6}
	EndGlobalSection
	GlobalSection(ExtensibilityGlobals) = postSolution
		SolutionGuid = {6383907C-1289-438F-902C-3326DC1E2373}
	EndGlobalSection
EndGlobal
